
Microsoft Visual Studio Solution File, Format Version 10.00
# Visual Studio 2008
Project("{FAE04EC0-301F-11D3-BF4B-00C04F79EFBC}") = "MyLiveMesh", "MyLiveMesh.csproj", "{9CE9FDDC-8BE0-4B4A-A177-9E82A97FFFBF}"
EndProject
Project("{FAE04EC0-301F-11D3-BF4B-00C04F79EFBC}") = "MyLiveMesh.Web", "..\MyLiveMesh.Web\MyLiveMesh.Web.csproj", "{AC5C97B7-8936-4EA6-96A1-68446192639D}"
EndProject
Project("{FAE04EC0-301F-11D3-BF4B-00C04F79EFBC}") = "Common", "..\Common\Common.csproj", "{0B6FCDE1-6230-4D09-B338-6160B7651434}"
EndProject
Global
	GlobalSection(SolutionConfigurationPlatforms) = preSolution
		Debug|Any CPU = Debug|Any CPU
		Release|Any CPU = Release|Any CPU
	EndGlobalSection
	GlobalSection(ProjectConfigurationPlatforms) = postSolution
		{9CE9FDDC-8BE0-4B4A-A177-9E82A97FFFBF}.Debug|Any CPU.ActiveCfg = Debug|Any CPU
		{9CE9FDDC-8BE0-4B4A-A177-9E82A97FFFBF}.Debug|Any CPU.Build.0 = Debug|Any CPU
		{9CE9FDDC-8BE0-4B4A-A177-9E82A97FFFBF}.Release|Any CPU.ActiveCfg = Release|Any CPU
		{9CE9FDDC-8BE0-4B4A-A177-9E82A97FFFBF}.Release|Any CPU.Build.0 = Release|Any CPU
		{AC5C97B7-8936-4EA6-96A1-68446192639D}.Debug|Any CPU.ActiveCfg = Debug|Any CPU
		{AC5C97B7-8936-4EA6-96A1-68446192639D}.Debug|Any CPU.Build.0 = Debug|Any CPU
		{AC5C97B7-8936-4EA6-96A1-68446192639D}.Release|Any CPU.ActiveCfg = Release|Any CPU
		{AC5C97B7-8936-4EA6-96A1-68446192639D}.Release|Any CPU.Build.0 = Release|Any CPU
		{0B6FCDE1-6230-4D09-B338-6160B7651434}.Debug|Any CPU.ActiveCfg = Debug|Any CPU
		{0B6FCDE1-6230-4D09-B338-6160B7651434}.Debug|Any CPU.Build.0 = Debug|Any CPU
		{0B6FCDE1-6230-4D09-B338-6160B7651434}.Release|Any CPU.ActiveCfg = Release|Any CPU
		{0B6FCDE1-6230-4D09-B338-6160B7651434}.Release|Any CPU.Build.0 = Release|Any CPU
	EndGlobalSection
	GlobalSection(SolutionProperties) = preSolution
		HideSolutionNode = FALSE
	EndGlobalSection
EndGlobal
